Microsoft Visual Studio Solution File, Format Version 12.00
# Visual Studio Version 17
VisualStudioVersion = 17.5.2.0
MinimumVisualStudioVersion = 10.0.40219.1
Project("{FAE04EC0-301F-11D3-BF4B-00C04F79EFBC}") = "Nugs", "Nugs.csproj", "{BC8F5C96-DF3D-F116-3314-1EC90E5C5F79}"
EndProject
Global
	GlobalSection(SolutionConfigurationPlatforms) = preSolution
		Debug|Any CPU = Debug|Any CPU
		Release|Any CPU = Release|Any CPU
	EndGlobalSection
	GlobalSection(ProjectConfigurationPlatforms) = postSolution
		{BC8F5C96-DF3D-F116-3314-1EC90E5C5F79}.Debug|Any CPU.ActiveCfg = Debug|Any CPU
		{BC8F5C96-DF3D-F116-3314-1EC90E5C5F79}.Debug|Any CPU.Build.0 = Debug|Any CPU
		{BC8F5C96-DF3D-F116-3314-1EC90E5C5F79}.Release|Any CPU.ActiveCfg = Release|Any CPU
		{BC8F5C96-DF3D-F116-3314-1EC90E5C5F79}.Release|Any CPU.Build.0 = Release|Any CPU
	EndGlobalSection
	GlobalSection(SolutionProperties) = preSolution
		HideSolutionNode = FALSE
	EndGlobalSection
	GlobalSection(ExtensibilityGlobals) = postSolution
		SolutionGuid = {7C9F15FC-25F4-49C9-BF9D-0F8A68B6F6F8}
	EndGlobalSection
EndGlobal
